
Microsoft Visual Studio Solution File, Format Version 12.00
# Visual Studio 14
VisualStudioVersion = 14.0.25420.1
MinimumVisualStudioVersion = 10.0.40219.1
Project("{FAE04EC0-301F-11D3-BF4B-00C04F79EFBC}") = "GitLab_Clone.Droid", "GitLab Clone\GitLab_Clone.Droid\GitLab_Clone.Droid.csproj", "{69A3BACC-9D5B-4AEA-8C38-90BAF5A7D50E}"
EndProject
Project("{FAE04EC0-301F-11D3-BF4B-00C04F79EFBC}") = "GitLab_Clone.iOS", "GitLab Clone\GitLab_Clone.iOS\GitLab_Clone.iOS.csproj", "{734948C9-6BD5-4289-9B6E-A54566DA8D0C}"
EndProject
Project("{FAE04EC0-301F-11D3-BF4B-00C04F79EFBC}") = "GitLab_Clone.WinPhone", "GitLab Clone\GitLab_Clone.WinPhone\GitLab_Clone.WinPhone.csproj", "{5D607943-0032-4D8E-B1D7-1B20F2864F88}"
EndProject
Project("{FAE04EC0-301F-11D3-BF4B-00C04F79EFBC}") = "GitLab_Clone", "GitLab Clone\GitLab_Clone\GitLab_Clone.csproj", "{292F7449-A475-40BF-9BB5-0C40EAD84E7F}"
EndProject
Global
	GlobalSection(SolutionConfigurationPlatforms) = preSolution
		Debug|Any CPU = Debug|Any CPU
		Debug|ARM = Debug|ARM
		Debug|iPhone = Debug|iPhone
		Debug|iPhoneSimulator = Debug|iPhoneSimulator
		Debug|x86 = Debug|x86
		Release|Any CPU = Release|Any CPU
		Release|ARM = Release|ARM
		Release|iPhone = Release|iPhone
		Release|iPhoneSimulator = Release|iPhoneSimulator
		Release|x86 = Release|x86
	EndGlobalSection
	GlobalSection(ProjectConfigurationPlatforms) = postSolution
		{69A3BACC-9D5B-4AEA-8C38-90BAF5A7D50E}.Debug|Any CPU.ActiveCfg = Debug|Any CPU
		{69A3BACC-9D5B-4AEA-8C38-90BAF5A7D50E}.Debug|Any CPU.Build.0 = Debug|Any CPU
		{69A3BACC-9D5B-4AEA-8C38-90BAF5A7D50E}.Debug|Any CPU.Deploy.0 = Debug|Any CPU
		{69A3BACC-9D5B-4AEA-8C38-90BAF5A7D50E}.Debug|ARM.ActiveCfg = Debug|Any CPU
		{69A3BACC-9D5B-4AEA-8C38-90BAF5A7D50E}.Debug|ARM.Build.0 = Debug|Any CPU
		{69A3BACC-9D5B-4AEA-8C38-90BAF5A7D50E}.Debug|ARM.Deploy.0 = Debug|Any CPU
		{69A3BACC-9D5B-4AEA-8C38-90BAF5A7D50E}.Debug|iPhone.ActiveCfg = Debug|Any CPU
		{69A3BACC-9D5B-4AEA-8C38-90BAF5A7D50E}.Debug|iPhone.Build.0 = Debug|Any CPU
		{69A3BACC-9D5B-4AEA-8C38-90BAF5A7D50E}.Debug|iPhone.Deploy.0 = Debug|Any CPU
		{69A3BACC-9D5B-4AEA-8C38-90BAF5A7D50E}.Debug|iPhoneSimulator.ActiveCfg = Debug|Any CPU
		{69A3BACC-9D5B-4AEA-8C38-90BAF5A7D50E}.Debug|iPhoneSimulator.Build.0 = Debug|Any CPU
		{69A3BACC-9D5B-4AEA-8C38-90BAF5A7D50E}.Debug|iPhoneSimulator.Deploy.0 = Debug|Any CPU
		{69A3BACC-9D5B-4AEA-8C38-90BAF5A7D50E}.Debug|x86.ActiveCfg = Debug|Any CPU
		{69A3BACC-9D5B-4AEA-8C38-90BAF5A7D50E}.Debug|x86.Build.0 = Debug|Any CPU
		{69A3BACC-9D5B-4AEA-8C38-90BAF5A7D50E}.Debug|x86.Deploy.0 = Debug|Any CPU
		{69A3BACC-9D5B-4AEA-8C38-90BAF5A7D50E}.Release|Any CPU.ActiveCfg = Release|Any CPU
		{69A3BACC-9D5B-4AEA-8C38-90BAF5A7D50E}.Release|Any CPU.Build.0 = Release|Any CPU
		{69A3BACC-9D5B-4AEA-8C38-90BAF5A7D50E}.Release|Any CPU.Deploy.0 = Release|Any CPU
		{69A3BACC-9D5B-4AEA-8C38-90BAF5A7D50E}.Release|ARM.ActiveCfg = Release|Any CPU
		{69A3BACC-9D5B-4AEA-8C38-90BAF5A7D50E}.Release|ARM.Build.0 = Release|Any CPU
		{69A3BACC-9D5B-4AEA-8C38-90BAF5A7D50E}.Release|ARM.Deploy.0 = Release|Any CPU
		{69A3BACC-9D5B-4AEA-8C38-90BAF5A7D50E}.Release|iPhone.ActiveCfg = Release|Any CPU
		{69A3BACC-9D5B-4AEA-8C38-90BAF5A7D50E}.Release|iPhone.Build.0 = Release|Any CPU
		{69A3BACC-9D5B-4AEA-8C38-90BAF5A7D50E}.Release|iPhone.Deploy.0 = Release|Any CPU
		{69A3BACC-9D5B-4AEA-8C38-90BAF5A7D50E}.Release|iPhoneSimulator.ActiveCfg = Release|Any CPU
		{69A3BACC-9D5B-4AEA-8C38-90BAF5A7D50E}.Release|iPhoneSimulator.Build.0 = Release|Any CPU
		{69A3BACC-9D5B-4AEA-8C38-90BAF5A7D50E}.Release|iPhoneSimulator.Deploy.0 = Release|Any CPU
		{69A3BACC-9D5B-4AEA-8C38-90BAF5A7D50E}.Release|x86.ActiveCfg = Release|Any CPU
		{69A3BACC-9D5B-4AEA-8C38-90BAF5A7D50E}.Release|x86.Build.0 = Release|Any CPU
		{69A3BACC-9D5B-4AEA-8C38-90BAF5A7D50E}.Release|x86.Deploy.0 = Release|Any CPU
		{734948C9-6BD5-4289-9B6E-A54566DA8D0C}.Debug|Any CPU.ActiveCfg = Debug|iPhone
		{734948C9-6BD5-4289-9B6E-A54566DA8D0C}.Debug|ARM.ActiveCfg = Debug|iPhone
		{734948C9-6BD5-4289-9B6E-A54566DA8D0C}.Debug|iPhone.ActiveCfg = Debug|iPhone
		{734948C9-6BD5-4289-9B6E-A54566DA8D0C}.Debug|iPhone.Build.0 = Debug|iPhone
		{734948C9-6BD5-4289-9B6E-A54566DA8D0C}.Debug|iPhoneSimulator.ActiveCfg = Debug|iPhoneSimulator
		{734948C9-6BD5-4289-9B6E-A54566DA8D0C}.Debug|iPhoneSimulator.Build.0 = Debug|iPhoneSimulator
		{734948C9-6BD5-4289-9B6E-A54566DA8D0C}.Debug|x86.ActiveCfg = Debug|iPhone
		{734948C9-6BD5-4289-9B6E-A54566DA8D0C}.Release|Any CPU.ActiveCfg = Release|iPhone
		{734948C9-6BD5-4289-9B6E-A54566DA8D0C}.Release|ARM.ActiveCfg = Release|iPhone
		{734948C9-6BD5-4289-9B6E-A54566DA8D0C}.Release|iPhone.ActiveCfg = Release|iPhone
		{734948C9-6BD5-4289-9B6E-A54566DA8D0C}.Release|iPhone.Build.0 = Release|iPhone
		{734948C9-6BD5-4289-9B6E-A54566DA8D0C}.Release|iPhoneSimulator.ActiveCfg = Release|iPhoneSimulator
		{734948C9-6BD5-4289-9B6E-A54566DA8D0C}.Release|iPhoneSimulator.Build.0 = Release|iPhoneSimulator
		{734948C9-6BD5-4289-9B6E-A54566DA8D0C}.Release|x86.ActiveCfg = Release|iPhone
		{5D607943-0032-4D8E-B1D7-1B20F2864F88}.Debug|Any CPU.ActiveCfg = Debug|Any CPU
		{5D607943-0032-4D8E-B1D7-1B20F2864F88}.Debug|Any CPU.Build.0 = Debug|Any CPU
		{5D607943-0032-4D8E-B1D7-1B20F2864F88}.Debug|Any CPU.Deploy.0 = Debug|Any CPU
		{5D607943-0032-4D8E-B1D7-1B20F2864F88}.Debug|ARM.ActiveCfg = Debug|ARM
		{5D607943-0032-4D8E-B1D7-1B20F2864F88}.Debug|ARM.Build.0 = Debug|ARM
		{5D607943-0032-4D8E-B1D7-1B20F2864F88}.Debug|ARM.Deploy.0 = Debug|ARM
		{5D607943-0032-4D8E-B1D7-1B20F2864F88}.Debug|iPhone.ActiveCfg = Debug|Any CPU
		{5D607943-0032-4D8E-B1D7-1B20F2864F88}.Debug|iPhone.Build.0 = Debug|Any CPU
		{5D607943-0032-4D8E-B1D7-1B20F2864F88}.Debug|iPhone.Deploy.0 = Debug|Any CPU
		{5D607943-0032-4D8E-B1D7-1B20F2864F88}.Debug|iPhoneSimulator.ActiveCfg = Debug|Any CPU
		{5D607943-0032-4D8E-B1D7-1B20F2864F88}.Debug|iPhoneSimulator.Build.0 = Debug|Any CPU
		{5D607943-0032-4D8E-B1D7-1B20F2864F88}.Debug|iPhoneSimulator.Deploy.0 = Debug|Any CPU
		{5D607943-0032-4D8E-B1D7-1B20F2864F88}.Debug|x86.ActiveCfg = Debug|x86
		{5D607943-0032-4D8E-B1D7-1B20F2864F88}.Debug|x86.Build.0 = Debug|x86
		{5D607943-0032-4D8E-B1D7-1B20F2864F88}.Debug|x86.Deploy.0 = Debug|x86
		{5D607943-0032-4D8E-B1D7-1B20F2864F88}.Release|Any CPU.ActiveCfg = Release|Any CPU
		{5D607943-0032-4D8E-B1D7-1B20F2864F88}.Release|Any CPU.Build.0 = Release|Any CPU
		{5D607943-0032-4D8E-B1D7-1B20F2864F88}.Release|Any CPU.Deploy.0 = Release|Any CPU
		{5D607943-0032-4D8E-B1D7-1B20F2864F88}.Release|ARM.ActiveCfg = Release|ARM
		{5D607943-0032-4D8E-B1D7-1B20F2864F88}.Release|ARM.Build.0 = Release|ARM
		{5D607943-0032-4D8E-B1D7-1B20F2864F88}.Release|ARM.Deploy.0 = Release|ARM
		{5D607943-0032-4D8E-B1D7-1B20F2864F88}.Release|iPhone.ActiveCfg = Release|Any CPU
		{5D607943-0032-4D8E-B1D7-1B20F2864F88}.Release|iPhone.Build.0 = Release|Any CPU
		{5D607943-0032-4D8E-B1D7-1B20F2864F88}.Release|iPhone.Deploy.0 = Release|Any CPU
		{5D607943-0032-4D8E-B1D7-1B20F2864F88}.Release|iPhoneSimulator.ActiveCfg = Release|Any CPU
		{5D607943-0032-4D8E-B1D7-1B20F2864F88}.Release|iPhoneSimulator.Build.0 = Release|Any CPU
		{5D607943-0032-4D8E-B1D7-1B20F2864F88}.Release|iPhoneSimulator.Deploy.0 = Release|Any CPU
		{5D607943-0032-4D8E-B1D7-1B20F2864F88}.Release|x86.ActiveCfg = Release|x86
		{5D607943-0032-4D8E-B1D7-1B20F2864F88}.Release|x86.Build.0 = Release|x86
		{5D607943-0032-4D8E-B1D7-1B20F2864F88}.Release|x86.Deploy.0 = Release|x86
		{292F7449-A475-40BF-9BB5-0C40EAD84E7F}.Debug|Any CPU.ActiveCfg = Debug|Any CPU
		{292F7449-A475-40BF-9BB5-0C40EAD84E7F}.Debug|Any CPU.Build.0 = Debug|Any CPU
		{292F7449-A475-40BF-9BB5-0C40EAD84E7F}.Debug|ARM.ActiveCfg = Debug|Any CPU
		{292F7449-A475-40BF-9BB5-0C40EAD84E7F}.Debug|ARM.Build.0 = Debug|Any CPU
		{292F7449-A475-40BF-9BB5-0C40EAD84E7F}.Debug|iPhone.ActiveCfg = Debug|Any CPU
		{292F7449-A475-40BF-9BB5-0C40EAD84E7F}.Debug|iPhone.Build.0 = Debug|Any CPU
		{292F7449-A475-40BF-9BB5-0C40EAD84E7F}.Debug|iPhoneSimulator.ActiveCfg = Debug|Any CPU
		{292F7449-A475-40BF-9BB5-0C40EAD84E7F}.Debug|iPhoneSimulator.Build.0 = Debug|Any CPU
		{292F7449-A475-40BF-9BB5-0C40EAD84E7F}.Debug|x86.ActiveCfg = Debug|Any CPU
		{292F7449-A475-40BF-9BB5-0C40EAD84E7F}.Debug|x86.Build.0 = Debug|Any CPU
		{292F7449-A475-40BF-9BB5-0C40EAD84E7F}.Release|Any CPU.ActiveCfg = Release|Any CPU
		{292F7449-A475-40BF-9BB5-0C40EAD84E7F}.Release|Any CPU.Build.0 = Release|Any CPU
		{292F7449-A475-40BF-9BB5-0C40EAD84E7F}.Release|ARM.ActiveCfg = Release|Any CPU
		{292F7449-A475-40BF-9BB5-0C40EAD84E7F}.Release|ARM.Build.0 = Release|Any CPU
		{292F7449-A475-40BF-9BB5-0C40EAD84E7F}.Release|iPhone.ActiveCfg = Release|Any CPU
		{292F7449-A475-40BF-9BB5-0C40EAD84E7F}.Release|iPhone.Build.0 = Release|Any CPU
		{292F7449-A475-40BF-9BB5-0C40EAD84E7F}.Release|iPhoneSimulator.ActiveCfg = Release|Any CPU
		{292F7449-A475-40BF-9BB5-0C40EAD84E7F}.Release|iPhoneSimulator.Build.0 = Release|Any CPU
		{292F7449-A475-40BF-9BB5-0C40EAD84E7F}.Release|x86.ActiveCfg = Release|Any CPU
		{292F7449-A475-40BF-9BB5-0C40EAD84E7F}.Release|x86.Build.0 = Release|Any CPU
	EndGlobalSection
	GlobalSection(SolutionProperties) = preSolution
		HideSolutionNode = FALSE
	EndGlobalSection
EndGlobal
